// !$*UTF8*$!
{
	archiveVersion = 1;
	classes = {
	};
	objectVersion = 50;
	objects = {

/* Begin PBXBuildFile section */
		43B948CE21E524EAF1BDB734 /* Pods_TeachersCalculator.framework in Frameworks */ = {isa = PBXBuildFile; fileRef = 5247F3881BD7A59079A0F428 /* Pods_TeachersCalculator.framework */; };
		553149A620F65BEA00BD1D4B /* GoogleService-Info.plist in Resources */ = {isa = PBXBuildFile; fileRef = 553149A520F65BEA00BD1D4B /* GoogleService-Info.plist */; };
		554DD735208E58CA00F0F83E /* AppDelegate.swift in Sources */ = {isa = PBXBuildFile; fileRef = 554DD734208E58CA00F0F83E /* AppDelegate.swift */; };
		554DD737208E58CA00F0F83E /* ViewController.swift in Sources */ = {isa = PBXBuildFile; fileRef = 554DD736208E58CA00F0F83E /* ViewController.swift */; };
		554DD73A208E58CA00F0F83E /* Main.storyboard in Resources */ = {isa = PBXBuildFile; fileRef = 554DD738208E58CA00F0F83E /* Main.storyboard */; };
		554DD73C208E58CB00F0F83E /* Assets.xcassets in Resources */ = {isa = PBXBuildFile; fileRef = 554DD73B208E58CB00F0F83E /* Assets.xcassets */; };
/* End PBXBuildFile section */

/* Begin PBXFileReference section */
		035D2C8A14B5F561F40157C6 /* Pods-TeachersCalculator.release.xcconfig */ = {isa = PBXFileReference; includeInIndex = 1; lastKnownFileType = text.xcconfig; name = "Pods-TeachersCalculator.release.xcconfig"; path = "Pods/Target Support Files/Pods-TeachersCalculator/Pods-TeachersCalculator.release.xcconfig"; sourceTree = "<group>"; };
		511B13E585F1D31234200DC2 /* Pods-TeachersCalculator.debug.xcconfig */ = {isa = PBXFileReference; includeInIndex = 1; lastKnownFileType = text.xcconfig; name = "Pods-TeachersCalculator.debug.xcconfig"; path = "Pods/Target Support Files/Pods-TeachersCalculator/Pods-TeachersCalculator.debug.xcconfig"; sourceTree = "<group>"; };
		5247F3881BD7A59079A0F428 /* Pods_TeachersCalculator.framework */ = {isa = PBXFileReference; explicitFileType = wrapper.framework; includeInIndex = 0; path = Pods_TeachersCalculator.framework; sourceTree = BUILT_PRODUCTS_DIR; };
		553149A520F65BEA00BD1D4B /* GoogleService-Info.plist */ = {isa = PBXFileReference; fileEncoding = 4; lastKnownFileType = text.plist.xml; name = "GoogleService-Info.plist"; path = "../../../../Downloads/GoogleService-Info.plist"; sourceTree = "<group>"; };
		554DD731208E58CA00F0F83E /* Swift Grader.app */ = {isa = PBXFileReference; explicitFileType = wrapper.application; includeInIndex = 0; path = "Swift Grader.app"; sourceTree = BUILT_PRODUCTS_DIR; };
		554DD734208E58CA00F0F83E /* AppDelegate.swift */ = {isa = PBXFileReference; lastKnownFileType = sourcecode.swift; path = AppDelegate.swift; sourceTree = "<group>"; };
		554DD736208E58CA00F0F83E /* ViewController.swift */ = {isa = PBXFileReference; lastKnownFileType = sourcecode.swift; path = ViewController.swift; sourceTree = "<group>"; };
		554DD739208E58CA00F0F83E /* Base */ = {isa = PBXFileReference; lastKnownFileType = file.storyboard; name = Base; path = Base.lproj/Main.storyboard; sourceTree = "<group>"; };
		554DD73B208E58CB00F0F83E /* Assets.xcassets */ = {isa = PBXFileReference; lastKnownFileType = folder.assetcatalog; path = Assets.xcassets; sourceTree = "<group>"; };
		554DD740208E58CB00F0F83E /* Info.plist */ = {isa = PBXFileReference; lastKnownFileType = text.plist.xml; path = Info.plist; sourceTree = "<group>"; };
/* End PBXFileReference section */

/* Begin PBXFrameworksBuildPhase section */
		554DD72E208E58CA00F0F83E /* Frameworks */ = {
			isa = PBXFrameworksBuildPhase;
			buildActionMask = 2147483647;
			files = (
				43B948CE21E524EAF1BDB734 /* Pods_TeachersCalculator.framework in Frameworks */,
			);
			runOnlyForDeploymentPostprocessing = 0;
		};
/* End PBXFrameworksBuildPhase section */

/* Begin PBXGroup section */
		554DD728208E58CA00F0F83E = {
			isa = PBXGroup;
			children = (
				554DD733208E58CA00F0F83E /* TeachersCalculator */,
				554DD732208E58CA00F0F83E /* Products */,
				6762832583DE6865B7DF22EE /* Pods */,
				B7951B28A0AA8A9B862E4192 /* Frameworks */,
			);
			sourceTree = "<group>";
		};
		554DD732208E58CA00F0F83E /* Products */ = {
			isa = PBXGroup;
			children = (
				554DD731208E58CA00F0F83E /* Swift Grader.app */,
			);
			name = Products;
			sourceTree = "<group>";
		};
		554DD733208E58CA00F0F83E /* TeachersCalculator */ = {
			isa = PBXGroup;
			children = (
				553149A520F65BEA00BD1D4B /* GoogleService-Info.plist */,
				554DD734208E58CA00F0F83E /* AppDelegate.swift */,
				554DD736208E58CA00F0F83E /* ViewController.swift */,
				554DD738208E58CA00F0F83E /* Main.storyboard */,
				554DD73B208E58CB00F0F83E /* Assets.xcassets */,
				554DD740208E58CB00F0F83E /* Info.plist */,
			);
			path = TeachersCalculator;
			sourceTree = "<group>";
		};
		6762832583DE6865B7DF22EE /* Pods */ = {
			isa = PBXGroup;
			children = (
				511B13E585F1D31234200DC2 /* Pods-TeachersCalculator.debug.xcconfig */,
				035D2C8A14B5F561F40157C6 /* Pods-TeachersCalculator.release.xcconfig */,
			);
			name = Pods;
			sourceTree = "<group>";
		};
		B7951B28A0AA8A9B862E4192 /* Frameworks */ = {
			isa = PBXGroup;
			children = (
				5247F3881BD7A59079A0F428 /* Pods_TeachersCalculator.framework */,
			);
			name = Frameworks;
			sourceTree = "<group>";
		};
/* End PBXGroup section */

/* Begin PBXNativeTarget section */
		554DD730208E58CA00F0F83E /* TeachersCalculator */ = {
			isa = PBXNativeTarget;
			buildConfigurationList = 554DD743208E58CB00F0F83E /* Build configuration list for PBXNativeTarget "TeachersCalculator" */;
			buildPhases = (
				8EC5169AF446AE3E5CFEFB1E /* [CP] Check Pods Manifest.lock */,
				554DD72D208E58CA00F0F83E /* Sources */,
				554DD72E208E58CA00F0F83E /* Frameworks */,
				554DD72F208E58CA00F0F83E /* Resources */,
				21E54A14296DEB2263AE5111 /* [CP] Embed Pods Frameworks */,
			);
			buildRules = (
			);
			dependencies = (
			);
			name = TeachersCalculator;
			productName = TeachersCalculator;
			productReference = 554DD731208E58CA00F0F83E /* Swift Grader.app */;
			productType = "com.apple.product-type.application";
		};
/* End PBXNativeTarget section */

/* Begin PBXProject section */
		554DD729208E58CA00F0F83E /* Project object */ = {
			isa = PBXProject;
			attributes = {
				LastSwiftUpdateCheck = 0930;
				LastUpgradeCheck = 0930;
				ORGANIZATIONNAME = Bytehouse;
				TargetAttributes = {
					554DD730208E58CA00F0F83E = {
						CreatedOnToolsVersion = 9.3;
						SystemCapabilities = {
							com.apple.BackgroundModes = {
								enabled = 0;
							};
							com.apple.Multipath = {
								enabled = 0;
							};
							com.apple.Push = {
								enabled = 0;
							};
						};
					};
				};
			};
			buildConfigurationList = 554DD72C208E58CA00F0F83E /* Build configuration list for PBXProject "TeachersCalculator" */;
			compatibilityVersion = "Xcode 9.3";
			developmentRegion = en;
			hasScannedForEncodings = 0;
			knownRegions = (
				en,
				Base,
			);
			mainGroup = 554DD728208E58CA00F0F83E;
			productRefGroup = 554DD732208E58CA00F0F83E /* Products */;
			projectDirPath = "";
			projectRoot = "";
			targets = (
				554DD730208E58CA00F0F83E /* TeachersCalculator */,
			);
		};
/* End PBXProject section */

/* Begin PBXResourcesBuildPhase section */
		554DD72F208E58CA00F0F83E /* Resources */ = {
			isa = PBXResourcesBuildPhase;
			buildActionMask = 2147483647;
			files = (
				553149A620F65BEA00BD1D4B /* GoogleService-Info.plist in Resources */,
				554DD73C208E58CB00F0F83E /* Assets.xcassets in Resources */,
				554DD73A208E58CA00F0F83E /* Main.storyboard in Resources */,
			);
			runOnlyForDeploymentPostprocessing = 0;
		};
/* End PBXResourcesBuildPhase section */

/* Begin PBXShellScriptBuildPhase section */
		21E54A14296DEB2263AE5111 /* [CP] Embed Pods Frameworks */ = {
			isa = PBXShellScriptBuildPhase;
			buildActionMask = 2147483647;
			files = (
			);
			inputPaths = (
				"${SRCROOT}/Pods/Target Support Files/Pods-TeachersCalculator/Pods-TeachersCalculator-frameworks.sh",
				"${BUILT_PRODUCTS_DIR}/GoogleToolboxForMac/GoogleToolboxForMac.framework",
				"${BUILT_PRODUCTS_DIR}/Tutti/Tutti.framework",
				"${BUILT_PRODUCTS_DIR}/nanopb/nanopb.framework",
			);
			name = "[CP] Embed Pods Frameworks";
			outputPaths = (
				"${TARGET_BUILD_DIR}/${FRAMEWORKS_FOLDER_PATH}/GoogleToolboxForMac.framework",
				"${TARGET_BUILD_DIR}/${FRAMEWORKS_FOLDER_PATH}/Tutti.framework",
				"${TARGET_BUILD_DIR}/${FRAMEWORKS_FOLDER_PATH}/nanopb.framework",
			);
			runOnlyForDeploymentPostprocessing = 0;
			shellPath = /bin/sh;
			shellScript = "\"${SRCROOT}/Pods/Target Support Files/Pods-TeachersCalculator/Pods-TeachersCalculator-frameworks.sh\"\n";
			showEnvVarsInLog = 0;
		};
		8EC5169AF446AE3E5CFEFB1E /* [CP] Check Pods Manifest.lock */ = {
			isa = PBXShellScriptBuildPhase;
			buildActionMask = 2147483647;
			files = (
			);
			inputPaths = (
				"${PODS_PODFILE_DIR_PATH}/Podfile.lock",
				"${PODS_ROOT}/Manifest.lock",
			);
			name = "[CP] Check Pods Manifest.lock";
			outputPaths = (
				"$(DERIVED_FILE_DIR)/Pods-TeachersCalculator-checkManifestLockResult.txt",
			);
			runOnlyForDeploymentPostprocessing = 0;
			shellPath = /bin/sh;
			shellScript = "diff \"${PODS_PODFILE_DIR_PATH}/Podfile.lock\" \"${PODS_ROOT}/Manifest.lock\" > /dev/null\nif [ $? != 0 ] ; then\n    # print error to STDERR\n    echo \"error: The sandbox is not in sync with the Podfile.lock. Run 'pod install' or update your CocoaPods installation.\" >&2\n    exit 1\nfi\n# This output is used by Xcode 'outputs' to avoid re-running this script phase.\necho \"SUCCESS\" > \"${SCRIPT_OUTPUT_FILE_0}\"\n";
			showEnvVarsInLog = 0;
		};
/* End PBXShellScriptBuildPhase section */

/* Begin PBXSourcesBuildPhase section */
		554DD72D208E58CA00F0F83E /* Sources */ = {
			isa = PBXSourcesBuildPhase;
			buildActionMask = 2147483647;
			files = (
				554DD737208E58CA00F0F83E /* ViewController.swift in Sources */,
				554DD735208E58CA00F0F83E /* AppDelegate.swift in Sources */,
			);
			runOnlyForDeploymentPostprocessing = 0;
		};
/* End PBXSourcesBuildPhase section */

/* Begin PBXVariantGroup section */
		554DD738208E58CA00F0F83E /* Main.storyboard */ = {
			isa = PBXVariantGroup;
			children = (
				554DD739208E58CA00F0F83E /* Base */,
			);
			name = Main.storyboard;
			sourceTree = "<group>";
		};
/* End PBXVariantGroup section */

/* Begin XCBuildConfiguration section */
		554DD741208E58CB00F0F83E /* Debug */ = {
			isa = XCBuildConfiguration;
			buildSettings = {
				ALWAYS_SEARCH_USER_PATHS = NO;
				CLANG_ANALYZER_NONNULL = YES;
				CLANG_ANALYZER_NUMBER_OBJECT_CONVERSION = YES_AGGRESSIVE;
				CLANG_CXX_LANGUAGE_STANDARD = "gnu++14";
				CLANG_CXX_LIBRARY = "libc++";
				CLANG_ENABLE_MODULES = YES;
				CLANG_ENABLE_OBJC_ARC = YES;
				CLANG_ENABLE_OBJC_WEAK = YES;
				CLANG_WARN_BLOCK_CAPTURE_AUTORELEASING = YES;
				CLANG_WARN_BOOL_CONVERSION = YES;
				CLANG_WARN_COMMA = YES;
				CLANG_WARN_CONSTANT_CONVERSION = YES;
				CLANG_WARN_DEPRECATED_OBJC_IMPLEMENTATIONS = YES;
				CLANG_WARN_DIRECT_OBJC_ISA_USAGE = YES_ERROR;
				CLANG_WARN_DOCUMENTATION_COMMENTS = YES;
				CLANG_WARN_EMPTY_BODY = YES;
				CLANG_WARN_ENUM_CONVERSION = YES;
				CLANG_WARN_INFINITE_RECURSION = YES;
				CLANG_WARN_INT_CONVERSION = YES;
				CLANG_WARN_NON_LITERAL_NULL_CONVERSION = YES;
				CLANG_WARN_OBJC_IMPLICIT_RETAIN_SELF = YES;
				CLANG_WARN_OBJC_LITERAL_CONVERSION = YES;
				CLANG_WARN_OBJC_ROOT_CLASS = YES_ERROR;
				CLANG_WARN_RANGE_LOOP_ANALYSIS = YES;
				CLANG_WARN_STRICT_PROTOTYPES = YES;
				CLANG_WARN_SUSPICIOUS_MOVE = YES;
				CLANG_WARN_UNGUARDED_AVAILABILITY = YES_AGGRESSIVE;
				CLANG_WARN_UNREACHABLE_CODE = YES;
				CLANG_WARN__DUPLICATE_METHOD_MATCH = YES;
				CODE_SIGN_IDENTITY = "iPhone Developer";
				COPY_PHASE_STRIP = NO;
				DEBUG_INFORMATION_FORMAT = dwarf;
				ENABLE_STRICT_OBJC_MSGSEND = YES;
				ENABLE_TESTABILITY = YES;
				GCC_C_LANGUAGE_STANDARD = gnu11;
				GCC_DYNAMIC_NO_PIC = NO;
				GCC_NO_COMMON_BLOCKS = YES;
				GCC_OPTIMIZATION_LEVEL = 0;
				GCC_PREPROCESSOR_DEFINITIONS = (
					"DEBUG=1",
					"$(inherited)",
				);
				GCC_WARN_64_TO_32_BIT_CONVERSION = YES;
				GCC_WARN_ABOUT_RETURN_TYPE = YES_ERROR;
				GCC_WARN_UNDECLARED_SELECTOR = YES;
				GCC_WARN_UNINITIALIZED_AUTOS = YES_AGGRESSIVE;
				GCC_WARN_UNUSED_FUNCTION = YES;
				GCC_WARN_UNUSED_VARIABLE = YES;
				IPHONEOS_DEPLOYMENT_TARGET = 11.3;
				MTL_ENABLE_DEBUG_INFO = YES;
				ONLY_ACTIVE_ARCH = YES;
				SDKROOT = iphoneos;
				SWIFT_ACTIVE_COMPILATION_CONDITIONS = DEBUG;
				SWIFT_OPTIMIZATION_LEVEL = "-Onone";
			};
			name = Debug;
		};
		554DD742208E58CB00F0F83E /* Release */ = {
			isa = XCBuildConfiguration;
			buildSettings = {
				ALWAYS_SEARCH_USER_PATHS = NO;
				CLANG_ANALYZER_NONNULL = YES;
				CLANG_ANALYZER_NUMBER_OBJECT_CONVERSION = YES_AGGRESSIVE;
				CLANG_CXX_LANGUAGE_STANDARD = "gnu++14";
				CLANG_CXX_LIBRARY = "libc++";
				CLANG_ENABLE_MODULES = YES;
				CLANG_ENABLE_OBJC_ARC = YES;
				CLANG_ENABLE_OBJC_WEAK = YES;
				CLANG_WARN_BLOCK_CAPTURE_AUTORELEASING = YES;
				CLANG_WARN_BOOL_CONVERSION = YES;
				CLANG_WARN_COMMA = YES;
				CLANG_WARN_CONSTANT_CONVERSION = YES;
				CLANG_WARN_DEPRECATED_OBJC_IMPLEMENTATIONS = YES;
				CLANG_WARN_DIRECT_OBJC_ISA_USAGE = YES_ERROR;
				CLANG_WARN_DOCUMENTATION_COMMENTS = YES;
				CLANG_WARN_EMPTY_BODY = YES;
				CLANG_WARN_ENUM_CONVERSION = YES;
				CLANG_WARN_INFINITE_RECURSION = YES;
				CLANG_WARN_INT_CONVERSION = YES;
				CLANG_WARN_NON_LITERAL_NULL_CONVERSION = YES;
				CLANG_WARN_OBJC_IMPLICIT_RETAIN_SELF = YES;
				CLANG_WARN_OBJC_LITERAL_CONVERSION = YES;
				CLANG_WARN_OBJC_ROOT_CLASS = YES_ERROR;
				CLANG_WARN_RANGE_LOOP_ANALYSIS = YES;
				CLANG_WARN_STRICT_PROTOTYPES = YES;
				CLANG_WARN_SUSPICIOUS_MOVE = YES;
				CLANG_WARN_UNGUARDED_AVAILABILITY = YES_AGGRESSIVE;
				CLANG_WARN_UNREACHABLE_CODE = YES;
				CLANG_WARN__DUPLICATE_METHOD_MATCH = YES;
				CODE_SIGN_IDENTITY = "iPhone Developer";
				COPY_PHASE_STRIP = NO;
				DEBUG_INFORMATION_FORMAT = "dwarf-with-dsym";
				ENABLE_NS_ASSERTIONS = NO;
				ENABLE_STRICT_OBJC_MSGSEND = YES;
				GCC_C_LANGUAGE_STANDARD = gnu11;
				GCC_NO_COMMON_BLOCKS = YES;
				GCC_WARN_64_TO_32_BIT_CONVERSION = YES;
				GCC_WARN_ABOUT_RETURN_TYPE = YES_ERROR;
				GCC_WARN_UNDECLARED_SELECTOR = YES;
				GCC_WARN_UNINITIALIZED_AUTOS = YES_AGGRESSIVE;
				GCC_WARN_UNUSED_FUNCTION = YES;
				GCC_WARN_UNUSED_VARIABLE = YES;
				IPHONEOS_DEPLOYMENT_TARGET = 11.3;
				MTL_ENABLE_DEBUG_INFO = NO;
				SDKROOT = iphoneos;
				SWIFT_COMPILATION_MODE = wholemodule;
				SWIFT_OPTIMIZATION_LEVEL = "-O";
				VALIDATE_PRODUCT = YES;
			};
			name = Release;
		};
		554DD744208E58CB00F0F83E /* Debug */ = {
			isa = XCBuildConfiguration;
			baseConfigurationReference = 511B13E585F1D31234200DC2 /* Pods-TeachersCalculator.debug.xcconfig */;
			buildSettings = {
				ASSETCATALOG_COMPILER_APPICON_NAME = AppIcon;
				CODE_SIGN_IDENTITY = "iPhone Developer";
				CODE_SIGN_STYLE = Manual;
				DEVELOPMENT_TEAM = M3PPKX7NQV;
				INFOPLIST_FILE = TeachersCalculator/Info.plist;
				IPHONEOS_DEPLOYMENT_TARGET = 9.0;
				LD_RUNPATH_SEARCH_PATHS = (
					"$(inherited)",
					"@executable_path/Frameworks",
				);
				PRODUCT_BUNDLE_IDENTIFIER = me.raiboso.calculatorforteachers;
				PRODUCT_NAME = "Swift Grader";
				PROVISIONING_PROFILE = "fb121b52-2a5c-4d79-951c-abf899636779";
				PROVISIONING_PROFILE_SPECIFIER = "iPhone X Calculator for Teachers";
				SWIFT_VERSION = 4.0;
				TARGETED_DEVICE_FAMILY = 1;
			};
			name = Debug;
		};
		554DD745208E58CB00F0F83E /* Release */ = {
			isa = XCBuildConfiguration;
			baseConfigurationReference = 035D2C8A14B5F561F40157C6 /* Pods-TeachersCalculator.release.xcconfig */;
			buildSettings = {
				ASSETCATALOG_COMPILER_APPICON_NAME = AppIcon;
				CODE_SIGN_IDENTITY = "iPhone Distribution";
				CODE_SIGN_STYLE = Manual;
				DEVELOPMENT_TEAM = M3PPKX7NQV;
				INFOPLIST_FILE = TeachersCalculator/Info.plist;
				IPHONEOS_DEPLOYMENT_TARGET = 9.0;
				LD_RUNPATH_SEARCH_PATHS = (
					"$(inherited)",
					"@executable_path/Frameworks",
				);
				PRODUCT_BUNDLE_IDENTIFIER = me.raiboso.calculatorforteachers;
				PRODUCT_NAME = "Swift Grader";
				PROVISIONING_PROFILE = "a8fe7fc6-1729-4f2d-975a-1597bbb339fd";
				PROVISIONING_PROFILE_SPECIFIER = "Calculator for Teachers Distribution";
				SWIFT_VERSION = 4.0;
				TARGETED_DEVICE_FAMILY = 1;
			};
			name = Release;
		};
/* End XCBuildConfiguration section */

/* Begin XCConfigurationList section */
		554DD72C208E58CA00F0F83E /* Build configuration list for PBXProject "TeachersCalculator" */ = {
			isa = XCConfigurationList;
			buildConfigurations = (
				554DD741208E58CB00F0F83E /* Debug */,
				554DD742208E58CB00F0F83E /* Release */,
			);
			defaultConfigurationIsVisible = 0;
			defaultConfigurationName = Release;
		};
		554DD743208E58CB00F0F83E /* Build configuration list for PBXNativeTarget "TeachersCalculator" */ = {
			isa = XCConfigurationList;
			buildConfigurations = (
				554DD744208E58CB00F0F83E /* Debug */,
				554DD745208E58CB00F0F83E /* Release */,
			);
			defaultConfigurationIsVisible = 0;
			defaultConfigurationName = Release;
		};
/* End XCConfigurationList section */
	};
	rootObject = 554DD729208E58CA00F0F83E /* Project object */;
}
